
Microsoft Visual Studio Solution File, Format Version 12.00
# Visual Studio 15
VisualStudioVersion = 15.0.27130.2020
MinimumVisualStudioVersion = 10.0.40219.1
Project("{FAE04EC0-301F-11D3-BF4B-00C04F79EFBC}") = "PracticeProblems1", "PracticeProblems1\PracticeProblems1.csproj", "{97403F3C-3FDD-428F-B50A-7C91D7B52271}"
EndProject
Global
	GlobalSection(SolutionConfigurationPlatforms) = preSolution
		Debug|Any CPU = Debug|Any CPU
		Release|Any CPU = Release|Any CPU
	EndGlobalSection
	GlobalSection(ProjectConfigurationPlatforms) = postSolution
		{97403F3C-3FDD-428F-B50A-7C91D7B52271}.Debug|Any CPU.ActiveCfg = Debug|Any CPU
		{97403F3C-3FDD-428F-B50A-7C91D7B52271}.Debug|Any CPU.Build.0 = Debug|Any CPU
		{97403F3C-3FDD-428F-B50A-7C91D7B52271}.Release|Any CPU.ActiveCfg = Release|Any CPU
		{97403F3C-3FDD-428F-B50A-7C91D7B52271}.Release|Any CPU.Build.0 = Release|Any CPU
	EndGlobalSection
	GlobalSection(SolutionProperties) = preSolution
		HideSolutionNode = FALSE
	EndGlobalSection
	GlobalSection(ExtensibilityGlobals) = postSolution
		SolutionGuid = {AA746765-7AD9-4584-A303-F43977BFE511}
	EndGlobalSection
EndGlobal
